Microsoft Visual Studio Solution File, Format Version 12.00
# Visual Studio Version 17
VisualStudioVersion = 17.5.2.0
MinimumVisualStudioVersion = 10.0.40219.1
Project("{FAE04EC0-301F-11D3-BF4B-00C04F79EFBC}") = "AgentHierarchyApi", "AgentHierarchyApi\AgentHierarchyApi.csproj", "{7F53771B-5BF6-C6AD-E38D-6DB9A655D602}"
EndProject
Global
	GlobalSection(SolutionConfigurationPlatforms) = preSolution
		Debug|Any CPU = Debug|Any CPU
		Release|Any CPU = Release|Any CPU
	EndGlobalSection
	GlobalSection(ProjectConfigurationPlatforms) = postSolution
		{7F53771B-5BF6-C6AD-E38D-6DB9A655D602}.Debug|Any CPU.ActiveCfg = Debug|Any CPU
		{7F53771B-5BF6-C6AD-E38D-6DB9A655D602}.Debug|Any CPU.Build.0 = Debug|Any CPU
		{7F53771B-5BF6-C6AD-E38D-6DB9A655D602}.Release|Any CPU.ActiveCfg = Release|Any CPU
		{7F53771B-5BF6-C6AD-E38D-6DB9A655D602}.Release|Any CPU.Build.0 = Release|Any CPU
	EndGlobalSection
	GlobalSection(SolutionProperties) = preSolution
		HideSolutionNode = FALSE
	EndGlobalSection
	GlobalSection(ExtensibilityGlobals) = postSolution
		SolutionGuid = {85F096C8-565E-496F-AE63-4B96FCDA126F}
	EndGlobalSection
EndGlobal
